
Microsoft Visual Studio Solution File, Format Version 11.00
# Visual Studio Version 17

Project("{8BC9CEB8-8B4A-11D0-8D11-00A0C91BC942}") = "VST3_EQ_Plugin - Standalone Plugin", "VST3_EQ_Plugin_StandalonePlugin.vcxproj", "{FFD61FC8-B250-B52C-5191-C4C77AFEDF8B}"
	ProjectSection(ProjectDependencies) = postProject
		{078D2729-D6C3-725A-D2AD-D313392D0C65} = {078D2729-D6C3-725A-D2AD-D313392D0C65}
	EndProjectSection
EndProject
Project("{8BC9CEB8-8B4A-11D0-8D11-00A0C91BC942}") = "VST3_EQ_Plugin - VST3", "VST3_EQ_Plugin_VST3.vcxproj", "{A3447C4D-D6DC-DFB4-76FD-DA3506D761BF}"
	ProjectSection(ProjectDependencies) = postProject
		{078D2729-D6C3-725A-D2AD-D313392D0C65} = {078D2729-D6C3-725A-D2AD-D313392D0C65}
		{E6F5938A-CBF5-A891-22BD-E96AA85C70B1} = {E6F5938A-CBF5-A891-22BD-E96AA85C70B1}
	EndProjectSection
EndProject
Project("{8BC9CEB8-8B4A-11D0-8D11-00A0C91BC942}") = "VST3_EQ_Plugin - Shared Code", "VST3_EQ_Plugin_SharedCode.vcxproj", "{078D2729-D6C3-725A-D2AD-D313392D0C65}"
EndProject
Project("{8BC9CEB8-8B4A-11D0-8D11-00A0C91BC942}") = "VST3_EQ_Plugin - VST3 Manifest Helper", "VST3_EQ_Plugin_VST3ManifestHelper.vcxproj", "{E6F5938A-CBF5-A891-22BD-E96AA85C70B1}"
EndProject
Global
	GlobalSection(SolutionConfigurationPlatforms) = preSolution
		Debug|x64 = Debug|x64
		Release|x64 = Release|x64
	EndGlobalSection
	GlobalSection(ProjectConfigurationPlatforms) = postSolution
		{A3447C4D-D6DC-DFB4-76FD-DA3506D761BF}.Debug|x64.ActiveCfg = Debug|x64
		{A3447C4D-D6DC-DFB4-76FD-DA3506D761BF}.Debug|x64.Build.0 = Debug|x64
		{A3447C4D-D6DC-DFB4-76FD-DA3506D761BF}.Release|x64.ActiveCfg = Release|x64
		{A3447C4D-D6DC-DFB4-76FD-DA3506D761BF}.Release|x64.Build.0 = Release|x64
		{FFD61FC8-B250-B52C-5191-C4C77AFEDF8B}.Debug|x64.ActiveCfg = Debug|x64
		{FFD61FC8-B250-B52C-5191-C4C77AFEDF8B}.Debug|x64.Build.0 = Debug|x64
		{FFD61FC8-B250-B52C-5191-C4C77AFEDF8B}.Release|x64.ActiveCfg = Release|x64
		{FFD61FC8-B250-B52C-5191-C4C77AFEDF8B}.Release|x64.Build.0 = Release|x64
		{078D2729-D6C3-725A-D2AD-D313392D0C65}.Debug|x64.ActiveCfg = Debug|x64
		{078D2729-D6C3-725A-D2AD-D313392D0C65}.Debug|x64.Build.0 = Debug|x64
		{078D2729-D6C3-725A-D2AD-D313392D0C65}.Release|x64.ActiveCfg = Release|x64
		{078D2729-D6C3-725A-D2AD-D313392D0C65}.Release|x64.Build.0 = Release|x64
		{E6F5938A-CBF5-A891-22BD-E96AA85C70B1}.Debug|x64.ActiveCfg = Debug|x64
		{E6F5938A-CBF5-A891-22BD-E96AA85C70B1}.Debug|x64.Build.0 = Debug|x64
		{E6F5938A-CBF5-A891-22BD-E96AA85C70B1}.Release|x64.ActiveCfg = Release|x64
		{E6F5938A-CBF5-A891-22BD-E96AA85C70B1}.Release|x64.Build.0 = Release|x64
	EndGlobalSection
	GlobalSection(SolutionProperties) = preSolution
		HideSolutionNode = FALSE
	EndGlobalSection
EndGlobal
